// !$*UTF8*$!
{
	archiveVersion = 1;
	classes = {
	};
	objectVersion = 56;
	objects = {

/* Begin PBXBuildFile section */
		C82942E12BD821BB0004E1BC /* ReminderStore.swift in Sources */ = {isa = PBXBuildFile; fileRef = C82942E02BD821BB0004E1BC /* ReminderStore.swift */; };
		C82942E32BD821CE0004E1BC /* TodayError.swift in Sources */ = {isa = PBXBuildFile; fileRef = C82942E22BD821CE0004E1BC /* TodayError.swift */; };
		C82942E52BD822130004E1BC /* ReminderListStyle.swift in Sources */ = {isa = PBXBuildFile; fileRef = C82942E42BD822130004E1BC /* ReminderListStyle.swift */; };
		C82942E92BD82A860004E1BC /* ProgressHeaderView.swift in Sources */ = {isa = PBXBuildFile; fileRef = C82942E82BD82A860004E1BC /* ProgressHeaderView.swift */; };
		C881BA652BFA0D7400300766 /* DailyStatisticsView.swift in Sources */ = {isa = PBXBuildFile; fileRef = C881BA642BFA0D7400300766 /* DailyStatisticsView.swift */; };
		C881BA672BFA178900300766 /* MonthProgressGraph.swift in Sources */ = {isa = PBXBuildFile; fileRef = C881BA662BFA178900300766 /* MonthProgressGraph.swift */; };
		C881BA692BFA17D800300766 /* MonthStatisticsView.swift in Sources */ = {isa = PBXBuildFile; fileRef = C881BA682BFA17D800300766 /* MonthStatisticsView.swift */; };
		C8997E252BD848E200C5E01B /* CAGradientLayer.swift in Sources */ = {isa = PBXBuildFile; fileRef = C8997E242BD848E200C5E01B /* CAGradientLayer.swift */; };
		C8997E272BD8F41700C5E01B /* ReminderViewController.swift in Sources */ = {isa = PBXBuildFile; fileRef = C8997E262BD8F41700C5E01B /* ReminderViewController.swift */; };
		C8997E292BD8F7D100C5E01B /* EKReminder.swift in Sources */ = {isa = PBXBuildFile; fileRef = C8997E282BD8F7D100C5E01B /* EKReminder.swift */; };
		C8997E2B2BD9005900C5E01B /* Reminder.swift in Sources */ = {isa = PBXBuildFile; fileRef = C8997E2A2BD9005900C5E01B /* Reminder.swift */; };
		C8997E332BDA58BD00C5E01B /* ReminderDelegate.swift in Sources */ = {isa = PBXBuildFile; fileRef = C8997E322BDA58BD00C5E01B /* ReminderDelegate.swift */; };
		C8C7798A2BDFD16B00CC33B4 /* StatisticsViewController.swift in Sources */ = {isa = PBXBuildFile; fileRef = C8C779892BDFD16B00CC33B4 /* StatisticsViewController.swift */; };
		C8C7798F2BE155EB00CC33B4 /* DailyProgressGraph.swift in Sources */ = {isa = PBXBuildFile; fileRef = C8C7798E2BE155EB00CC33B4 /* DailyProgressGraph.swift */; };
		C8FCFA042BD7C0B30018BB63 /* AppDelegate.swift in Sources */ = {isa = PBXBuildFile; fileRef = C8FCFA032BD7C0B30018BB63 /* AppDelegate.swift */; };
		C8FCFA062BD7C0B30018BB63 /* SceneDelegate.swift in Sources */ = {isa = PBXBuildFile; fileRef = C8FCFA052BD7C0B30018BB63 /* SceneDelegate.swift */; };
		C8FCFA082BD7C0B30018BB63 /* ReminderListViewController.swift in Sources */ = {isa = PBXBuildFile; fileRef = C8FCFA072BD7C0B30018BB63 /* ReminderListViewController.swift */; };
		C8FCFA0D2BD7C0B40018BB63 /* Assets.xcassets in Resources */ = {isa = PBXBuildFile; fileRef = C8FCFA0C2BD7C0B40018BB63 /* Assets.xcassets */; };
		C8FCFA102BD7C0B40018BB63 /* Base in Resources */ = {isa = PBXBuildFile; fileRef = C8FCFA0F2BD7C0B40018BB63 /* Base */; };
		C8FCFA1B2BD7C0B50018BB63 /* TodayTests.swift in Sources */ = {isa = PBXBuildFile; fileRef = C8FCFA1A2BD7C0B50018BB63 /* TodayTests.swift */; };
		C8FCFA252BD7C0B50018BB63 /* TodayUITests.swift in Sources */ = {isa = PBXBuildFile; fileRef = C8FCFA242BD7C0B50018BB63 /* TodayUITests.swift */; };
		C8FCFA272BD7C0B50018BB63 /* TodayUITestsLaunchTests.swift in Sources */ = {isa = PBXBuildFile; fileRef = C8FCFA262BD7C0B50018BB63 /* TodayUITestsLaunchTests.swift */; };
		C8FCFA362BD7C15E0018BB63 /* EditorViewController.swift in Sources */ = {isa = PBXBuildFile; fileRef = C8FCFA352BD7C15E0018BB63 /* EditorViewController.swift */; };
		C8FCFA3A2BD7CCFE0018BB63 /* Remidner.swift in Sources */ = {isa = PBXBuildFile; fileRef = C8FCFA392BD7CCFE0018BB63 /* Remidner.swift */; };
		C8FCFA3F2BD7CD8D0018BB63 /* ReminderItemListCell.swift in Sources */ = {isa = PBXBuildFile; fileRef = C8FCFA3E2BD7CD8D0018BB63 /* ReminderItemListCell.swift */; };
		C8FCFA422BD7CE030018BB63 /* ReminderCreationCell.swift in Sources */ = {isa = PBXBuildFile; fileRef = C8FCFA412BD7CE030018BB63 /* ReminderCreationCell.swift */; };
		C8FCFA452BD7D2730018BB63 /* UIFont.swift in Sources */ = {isa = PBXBuildFile; fileRef = C8FCFA442BD7D2730018BB63 /* UIFont.swift */; };
		C8FCFA472BD7D2F90018BB63 /* UIView.swift in Sources */ = {isa = PBXBuildFile; fileRef = C8FCFA462BD7D2F90018BB63 /* UIView.swift */; };
		C8FCFA492BD7D31E0018BB63 /* Date+Today.swift in Sources */ = {isa = PBXBuildFile; fileRef = C8FCFA482BD7D31E0018BB63 /* Date+Today.swift */; };
/* End PBXBuildFile section */

/* Begin PBXContainerItemProxy section */
		C8FCFA172BD7C0B50018BB63 /* PBXContainerItemProxy */ = {
			isa = PBXContainerItemProxy;
			containerPortal = C8FCF9F82BD7C0B30018BB63 /* Project object */;
			proxyType = 1;
			remoteGlobalIDString = C8FCF9FF2BD7C0B30018BB63;
			remoteInfo = Today;
		};
		C8FCFA212BD7C0B50018BB63 /* PBXContainerItemProxy */ = {
			isa = PBXContainerItemProxy;
			containerPortal = C8FCF9F82BD7C0B30018BB63 /* Project object */;
			proxyType = 1;
			remoteGlobalIDString = C8FCF9FF2BD7C0B30018BB63;
			remoteInfo = Today;
		};
/* End PBXContainerItemProxy section */

/* Begin PBXFileReference section */
		C82942E02BD821BB0004E1BC /* ReminderStore.swift */ = {isa = PBXFileReference; lastKnownFileType = sourcecode.swift; path = ReminderStore.swift; sourceTree = "<group>"; };
		C82942E22BD821CE0004E1BC /* TodayError.swift */ = {isa = PBXFileReference; lastKnownFileType = sourcecode.swift; path = TodayError.swift; sourceTree = "<group>"; };
		C82942E42BD822130004E1BC /* ReminderListStyle.swift */ = {isa = PBXFileReference; lastKnownFileType = sourcecode.swift; path = ReminderListStyle.swift; sourceTree = "<group>"; };
		C82942E82BD82A860004E1BC /* ProgressHeaderView.swift */ = {isa = PBXFileReference; lastKnownFileType = sourcecode.swift; path = ProgressHeaderView.swift; sourceTree = "<group>"; };
		C881BA642BFA0D7400300766 /* DailyStatisticsView.swift */ = {isa = PBXFileReference; lastKnownFileType = sourcecode.swift; path = DailyStatisticsView.swift; sourceTree = "<group>"; };
		C881BA662BFA178900300766 /* MonthProgressGraph.swift */ = {isa = PBXFileReference; lastKnownFileType = sourcecode.swift; path = MonthProgressGraph.swift; sourceTree = "<group>"; };
		C881BA682BFA17D800300766 /* MonthStatisticsView.swift */ = {isa = PBXFileReference; lastKnownFileType = sourcecode.swift; path = MonthStatisticsView.swift; sourceTree = "<group>"; };
		C8997E242BD848E200C5E01B /* CAGradientLayer.swift */ = {isa = PBXFileReference; lastKnownFileType = sourcecode.swift; path = CAGradientLayer.swift; sourceTree = "<group>"; };
		C8997E262BD8F41700C5E01B /* ReminderViewController.swift */ = {isa = PBXFileReference; lastKnownFileType = sourcecode.swift; path = ReminderViewController.swift; sourceTree = "<group>"; };
		C8997E282BD8F7D100C5E01B /* EKReminder.swift */ = {isa = PBXFileReference; lastKnownFileType = sourcecode.swift; path = EKReminder.swift; sourceTree = "<group>"; };
		C8997E2A2BD9005900C5E01B /* Reminder.swift */ = {isa = PBXFileReference; lastKnownFileType = sourcecode.swift; path = Reminder.swift; sourceTree = "<group>"; };
		C8997E322BDA58BD00C5E01B /* ReminderDelegate.swift */ = {isa = PBXFileReference; lastKnownFileType = sourcecode.swift; path = ReminderDelegate.swift; sourceTree = "<group>"; };
		C8C779892BDFD16B00CC33B4 /* StatisticsViewController.swift */ = {isa = PBXFileReference; lastKnownFileType = sourcecode.swift; path = StatisticsViewController.swift; sourceTree = "<group>"; };
		C8C7798E2BE155EB00CC33B4 /* DailyProgressGraph.swift */ = {isa = PBXFileReference; lastKnownFileType = sourcecode.swift; path = DailyProgressGraph.swift; sourceTree = "<group>"; };
		C8FCFA002BD7C0B30018BB63 /* Today.app */ = {isa = PBXFileReference; explicitFileType = wrapper.application; includeInIndex = 0; path = Today.app; sourceTree = BUILT_PRODUCTS_DIR; };
		C8FCFA032BD7C0B30018BB63 /* AppDelegate.swift */ = {isa = PBXFileReference; lastKnownFileType = sourcecode.swift; path = AppDelegate.swift; sourceTree = "<group>"; };
		C8FCFA052BD7C0B30018BB63 /* SceneDelegate.swift */ = {isa = PBXFileReference; lastKnownFileType = sourcecode.swift; path = SceneDelegate.swift; sourceTree = "<group>"; };
		C8FCFA072BD7C0B30018BB63 /* ReminderListViewController.swift */ = {isa = PBXFileReference; lastKnownFileType = sourcecode.swift; path = ReminderListViewController.swift; sourceTree = "<group>"; };
		C8FCFA0C2BD7C0B40018BB63 /* Assets.xcassets */ = {isa = PBXFileReference; lastKnownFileType = folder.assetcatalog; path = Assets.xcassets; sourceTree = "<group>"; };
		C8FCFA0F2BD7C0B40018BB63 /* Base */ = {isa = PBXFileReference; lastKnownFileType = file.storyboard; name = Base; path = Base.lproj/LaunchScreen.storyboard; sourceTree = "<group>"; };
		C8FCFA112BD7C0B40018BB63 /* Info.plist */ = {isa = PBXFileReference; lastKnownFileType = text.plist.xml; path = Info.plist; sourceTree = "<group>"; };
		C8FCFA162BD7C0B50018BB63 /* TodayTests.xctest */ = {isa = PBXFileReference; explicitFileType = wrapper.cfbundle; includeInIndex = 0; path = TodayTests.xctest; sourceTree = BUILT_PRODUCTS_DIR; };
		C8FCFA1A2BD7C0B50018BB63 /* TodayTests.swift */ = {isa = PBXFileReference; lastKnownFileType = sourcecode.swift; path = TodayTests.swift; sourceTree = "<group>"; };
		C8FCFA202BD7C0B50018BB63 /* TodayUITests.xctest */ = {isa = PBXFileReference; explicitFileType = wrapper.cfbundle; includeInIndex = 0; path = TodayUITests.xctest; sourceTree = BUILT_PRODUCTS_DIR; };
		C8FCFA242BD7C0B50018BB63 /* TodayUITests.swift */ = {isa = PBXFileReference; lastKnownFileType = sourcecode.swift; path = TodayUITests.swift; sourceTree = "<group>"; };
		C8FCFA262BD7C0B50018BB63 /* TodayUITestsLaunchTests.swift */ = {isa = PBXFileReference; lastKnownFileType = sourcecode.swift; path = TodayUITestsLaunchTests.swift; sourceTree = "<group>"; };
		C8FCFA352BD7C15E0018BB63 /* EditorViewController.swift */ = {isa = PBXFileReference; lastKnownFileType = sourcecode.swift; path = EditorViewController.swift; sourceTree = "<group>"; };
		C8FCFA392BD7CCFE0018BB63 /* Remidner.swift */ = {isa = PBXFileReference; lastKnownFileType = sourcecode.swift; path = Remidner.swift; sourceTree = "<group>"; };
		C8FCFA3E2BD7CD8D0018BB63 /* ReminderItemListCell.swift */ = {isa = PBXFileReference; lastKnownFileType = sourcecode.swift; path = ReminderItemListCell.swift; sourceTree = "<group>"; };
		C8FCFA412BD7CE030018BB63 /* ReminderCreationCell.swift */ = {isa = PBXFileReference; lastKnownFileType = sourcecode.swift; path = ReminderCreationCell.swift; sourceTree = "<group>"; };
		C8FCFA442BD7D2730018BB63 /* UIFont.swift */ = {isa = PBXFileReference; lastKnownFileType = sourcecode.swift; path = UIFont.swift; sourceTree = "<group>"; };
		C8FCFA462BD7D2F90018BB63 /* UIView.swift */ = {isa = PBXFileReference; lastKnownFileType = sourcecode.swift; path = UIView.swift; sourceTree = "<group>"; };
		C8FCFA482BD7D31E0018BB63 /* Date+Today.swift */ = {isa = PBXFileReference; lastKnownFileType = sourcecode.swift; path = "Date+Today.swift"; sourceTree = "<group>"; };
/* End PBXFileReference section */

/* Begin PBXFrameworksBuildPhase section */
		C8FCF9FD2BD7C0B30018BB63 /* Frameworks */ = {
			isa = PBXFrameworksBuildPhase;
			buildActionMask = 2147483647;
			files = (
			);
			runOnlyForDeploymentPostprocessing = 0;
		};
		C8FCFA132BD7C0B50018BB63 /* Frameworks */ = {
			isa = PBXFrameworksBuildPhase;
			buildActionMask = 2147483647;
			files = (
			);
			runOnlyForDeploymentPostprocessing = 0;
		};
		C8FCFA1D2BD7C0B50018BB63 /* Frameworks */ = {
			isa = PBXFrameworksBuildPhase;
			buildActionMask = 2147483647;
			files = (
			);
			runOnlyForDeploymentPostprocessing = 0;
		};
/* End PBXFrameworksBuildPhase section */

/* Begin PBXGroup section */
		C83F1A642BDAA8F2001BBCDF /* StatisticsProgressView */ = {
			isa = PBXGroup;
			children = (
				C8C7798E2BE155EB00CC33B4 /* DailyProgressGraph.swift */,
				C881BA662BFA178900300766 /* MonthProgressGraph.swift */,
			);
			path = StatisticsProgressView;
			sourceTree = "<group>";
		};
		C8FCF9F72BD7C0B30018BB63 = {
			isa = PBXGroup;
			children = (
				C8FCFA022BD7C0B30018BB63 /* Today */,
				C8FCFA192BD7C0B50018BB63 /* TodayTests */,
				C8FCFA232BD7C0B50018BB63 /* TodayUITests */,
				C8FCFA012BD7C0B30018BB63 /* Products */,
			);
			sourceTree = "<group>";
		};
		C8FCFA012BD7C0B30018BB63 /* Products */ = {
			isa = PBXGroup;
			children = (
				C8FCFA002BD7C0B30018BB63 /* Today.app */,
				C8FCFA162BD7C0B50018BB63 /* TodayTests.xctest */,
				C8FCFA202BD7C0B50018BB63 /* TodayUITests.xctest */,
			);
			name = Products;
			sourceTree = "<group>";
		};
		C8FCFA022BD7C0B30018BB63 /* Today */ = {
			isa = PBXGroup;
			children = (
				C8FCFA432BD7D2690018BB63 /* Extension */,
				C8FCFA382BD7CCF50018BB63 /* Model */,
				C8FCFA3B2BD7CD170018BB63 /* View */,
				C8FCFA372BD7C16B0018BB63 /* Controller */,
				C8FCFA332BD7C1150018BB63 /* Delegate */,
				C8FCFA342BD7C1220018BB63 /* Support File */,
			);
			path = Today;
			sourceTree = "<group>";
		};
		C8FCFA192BD7C0B50018BB63 /* TodayTests */ = {
			isa = PBXGroup;
			children = (
				C8FCFA1A2BD7C0B50018BB63 /* TodayTests.swift */,
			);
			path = TodayTests;
			sourceTree = "<group>";
		};
		C8FCFA232BD7C0B50018BB63 /* TodayUITests */ = {
			isa = PBXGroup;
			children = (
				C8FCFA242BD7C0B50018BB63 /* TodayUITests.swift */,
				C8FCFA262BD7C0B50018BB63 /* TodayUITestsLaunchTests.swift */,
			);
			path = TodayUITests;
			sourceTree = "<group>";
		};
		C8FCFA332BD7C1150018BB63 /* Delegate */ = {
			isa = PBXGroup;
			children = (
				C8997E322BDA58BD00C5E01B /* ReminderDelegate.swift */,
				C8FCFA032BD7C0B30018BB63 /* AppDelegate.swift */,
				C8FCFA052BD7C0B30018BB63 /* SceneDelegate.swift */,
			);
			path = Delegate;
			sourceTree = "<group>";
		};
		C8FCFA342BD7C1220018BB63 /* Support File */ = {
			isa = PBXGroup;
			children = (
				C8FCFA0C2BD7C0B40018BB63 /* Assets.xcassets */,
				C8FCFA0E2BD7C0B40018BB63 /* LaunchScreen.storyboard */,
				C8FCFA112BD7C0B40018BB63 /* Info.plist */,
			);
			path = "Support File";
			sourceTree = "<group>";
		};
		C8FCFA372BD7C16B0018BB63 /* Controller */ = {
			isa = PBXGroup;
			children = (
				C8FCFA072BD7C0B30018BB63 /* ReminderListViewController.swift */,
				C8997E262BD8F41700C5E01B /* ReminderViewController.swift */,
				C8FCFA352BD7C15E0018BB63 /* EditorViewController.swift */,
				C8C779892BDFD16B00CC33B4 /* StatisticsViewController.swift */,
			);
			path = Controller;
			sourceTree = "<group>";
		};
		C8FCFA382BD7CCF50018BB63 /* Model */ = {
			isa = PBXGroup;
			children = (
				C8FCFA392BD7CCFE0018BB63 /* Remidner.swift */,
				C8FCFA482BD7D31E0018BB63 /* Date+Today.swift */,
				C82942E42BD822130004E1BC /* ReminderListStyle.swift */,
				C82942E02BD821BB0004E1BC /* ReminderStore.swift */,
				C82942E22BD821CE0004E1BC /* TodayError.swift */,
			);
			path = Model;
			sourceTree = "<group>";
		};
		C8FCFA3B2BD7CD170018BB63 /* View */ = {
			isa = PBXGroup;
			children = (
				C82942E82BD82A860004E1BC /* ProgressHeaderView.swift */,
				C881BA642BFA0D7400300766 /* DailyStatisticsView.swift */,
				C881BA682BFA17D800300766 /* MonthStatisticsView.swift */,
				C83F1A642BDAA8F2001BBCDF /* StatisticsProgressView */,
				C8FCFA402BD7CD970018BB63 /* UITableViewCell */,
			);
			path = View;
			sourceTree = "<group>";
		};
		C8FCFA402BD7CD970018BB63 /* UITableViewCell */ = {
			isa = PBXGroup;
			children = (
				C8FCFA3E2BD7CD8D0018BB63 /* ReminderItemListCell.swift */,
				C8FCFA412BD7CE030018BB63 /* ReminderCreationCell.swift */,
			);
			path = UITableViewCell;
			sourceTree = "<group>";
		};
		C8FCFA432BD7D2690018BB63 /* Extension */ = {
			isa = PBXGroup;
			children = (
				C8FCFA442BD7D2730018BB63 /* UIFont.swift */,
				C8FCFA462BD7D2F90018BB63 /* UIView.swift */,
				C8997E242BD848E200C5E01B /* CAGradientLayer.swift */,
				C8997E282BD8F7D100C5E01B /* EKReminder.swift */,
				C8997E2A2BD9005900C5E01B /* Reminder.swift */,
			);
			path = Extension;
			sourceTree = "<group>";
		};
/* End PBXGroup section */

/* Begin PBXNativeTarget section */
		C8FCF9FF2BD7C0B30018BB63 /* Today */ = {
			isa = PBXNativeTarget;
			buildConfigurationList = C8FCFA2A2BD7C0B50018BB63 /* Build configuration list for PBXNativeTarget "Today" */;
			buildPhases = (
				C8FCF9FC2BD7C0B30018BB63 /* Sources */,
				C8FCF9FD2BD7C0B30018BB63 /* Frameworks */,
				C8FCF9FE2BD7C0B30018BB63 /* Resources */,
			);
			buildRules = (
			);
			dependencies = (
			);
			name = Today;
			productName = Today;
			productReference = C8FCFA002BD7C0B30018BB63 /* Today.app */;
			productType = "com.apple.product-type.application";
		};
		C8FCFA152BD7C0B50018BB63 /* TodayTests */ = {
			isa = PBXNativeTarget;
			buildConfigurationList = C8FCFA2D2BD7C0B50018BB63 /* Build configuration list for PBXNativeTarget "TodayTests" */;
			buildPhases = (
				C8FCFA122BD7C0B50018BB63 /* Sources */,
				C8FCFA132BD7C0B50018BB63 /* Frameworks */,
				C8FCFA142BD7C0B50018BB63 /* Resources */,
			);
			buildRules = (
			);
			dependencies = (
				C8FCFA182BD7C0B50018BB63 /* PBXTargetDependency */,
			);
			name = TodayTests;
			productName = TodayTests;
			productReference = C8FCFA162BD7C0B50018BB63 /* TodayTests.xctest */;
			productType = "com.apple.product-type.bundle.unit-test";
		};
		C8FCFA1F2BD7C0B50018BB63 /* TodayUITests */ = {
			isa = PBXNativeTarget;
			buildConfigurationList = C8FCFA302BD7C0B50018BB63 /* Build configuration list for PBXNativeTarget "TodayUITests" */;
			buildPhases = (
				C8FCFA1C2BD7C0B50018BB63 /* Sources */,
				C8FCFA1D2BD7C0B50018BB63 /* Frameworks */,
				C8FCFA1E2BD7C0B50018BB63 /* Resources */,
			);
			buildRules = (
			);
			dependencies = (
				C8FCFA222BD7C0B50018BB63 /* PBXTargetDependency */,
			);
			name = TodayUITests;
			productName = TodayUITests;
			productReference = C8FCFA202BD7C0B50018BB63 /* TodayUITests.xctest */;
			productType = "com.apple.product-type.bundle.ui-testing";
		};
/* End PBXNativeTarget section */

/* Begin PBXProject section */
		C8FCF9F82BD7C0B30018BB63 /* Project object */ = {
			isa = PBXProject;
			attributes = {
				BuildIndependentTargetsInParallel = 1;
				LastSwiftUpdateCheck = 1530;
				LastUpgradeCheck = 1530;
				TargetAttributes = {
					C8FCF9FF2BD7C0B30018BB63 = {
						CreatedOnToolsVersion = 15.3;
					};
					C8FCFA152BD7C0B50018BB63 = {
						CreatedOnToolsVersion = 15.3;
						TestTargetID = C8FCF9FF2BD7C0B30018BB63;
					};
					C8FCFA1F2BD7C0B50018BB63 = {
						CreatedOnToolsVersion = 15.3;
						TestTargetID = C8FCF9FF2BD7C0B30018BB63;
					};
				};
			};
			buildConfigurationList = C8FCF9FB2BD7C0B30018BB63 /* Build configuration list for PBXProject "Today" */;
			compatibilityVersion = "Xcode 14.0";
			developmentRegion = en;
			hasScannedForEncodings = 0;
			knownRegions = (
				en,
				Base,
			);
			mainGroup = C8FCF9F72BD7C0B30018BB63;
			productRefGroup = C8FCFA012BD7C0B30018BB63 /* Products */;
			projectDirPath = "";
			projectRoot = "";
			targets = (
				C8FCF9FF2BD7C0B30018BB63 /* Today */,
				C8FCFA152BD7C0B50018BB63 /* TodayTests */,
				C8FCFA1F2BD7C0B50018BB63 /* TodayUITests */,
			);
		};
/* End PBXProject section */

/* Begin PBXResourcesBuildPhase section */
		C8FCF9FE2BD7C0B30018BB63 /* Resources */ = {
			isa = PBXResourcesBuildPhase;
			buildActionMask = 2147483647;
			files = (
				C8FCFA0D2BD7C0B40018BB63 /* Assets.xcassets in Resources */,
				C8FCFA102BD7C0B40018BB63 /* Base in Resources */,
			);
			runOnlyForDeploymentPostprocessing = 0;
		};
		C8FCFA142BD7C0B50018BB63 /* Resources */ = {
			isa = PBXResourcesBuildPhase;
			buildActionMask = 2147483647;
			files = (
			);
			runOnlyForDeploymentPostprocessing = 0;
		};
		C8FCFA1E2BD7C0B50018BB63 /* Resources */ = {
			isa = PBXResourcesBuildPhase;
			buildActionMask = 2147483647;
			files = (
			);
			runOnlyForDeploymentPostprocessing = 0;
		};
/* End PBXResourcesBuildPhase section */

/* Begin PBXSourcesBuildPhase section */
		C8FCF9FC2BD7C0B30018BB63 /* Sources */ = {
			isa = PBXSourcesBuildPhase;
			buildActionMask = 2147483647;
			files = (
				C8C7798F2BE155EB00CC33B4 /* DailyProgressGraph.swift in Sources */,
				C8FCFA422BD7CE030018BB63 /* ReminderCreationCell.swift in Sources */,
				C82942E52BD822130004E1BC /* ReminderListStyle.swift in Sources */,
				C8FCFA492BD7D31E0018BB63 /* Date+Today.swift in Sources */,
				C8FCFA082BD7C0B30018BB63 /* ReminderListViewController.swift in Sources */,
				C8FCFA3A2BD7CCFE0018BB63 /* Remidner.swift in Sources */,
				C8C7798A2BDFD16B00CC33B4 /* StatisticsViewController.swift in Sources */,
				C8FCFA042BD7C0B30018BB63 /* AppDelegate.swift in Sources */,
				C881BA692BFA17D800300766 /* MonthStatisticsView.swift in Sources */,
				C8997E252BD848E200C5E01B /* CAGradientLayer.swift in Sources */,
				C8FCFA452BD7D2730018BB63 /* UIFont.swift in Sources */,
				C82942E32BD821CE0004E1BC /* TodayError.swift in Sources */,
				C82942E92BD82A860004E1BC /* ProgressHeaderView.swift in Sources */,
				C8FCFA062BD7C0B30018BB63 /* SceneDelegate.swift in Sources */,
				C8FCFA362BD7C15E0018BB63 /* EditorViewController.swift in Sources */,
				C8997E272BD8F41700C5E01B /* ReminderViewController.swift in Sources */,
				C8997E332BDA58BD00C5E01B /* ReminderDelegate.swift in Sources */,
				C8FCFA472BD7D2F90018BB63 /* UIView.swift in Sources */,
				C8997E292BD8F7D100C5E01B /* EKReminder.swift in Sources */,
				C8997E2B2BD9005900C5E01B /* Reminder.swift in Sources */,
				C881BA672BFA178900300766 /* MonthProgressGraph.swift in Sources */,
				C881BA652BFA0D7400300766 /* DailyStatisticsView.swift in Sources */,
				C82942E12BD821BB0004E1BC /* ReminderStore.swift in Sources */,
				C8FCFA3F2BD7CD8D0018BB63 /* ReminderItemListCell.swift in Sources */,
			);
			runOnlyForDeploymentPostprocessing = 0;
		};
		C8FCFA122BD7C0B50018BB63 /* Sources */ = {
			isa = PBXSourcesBuildPhase;
			buildActionMask = 2147483647;
			files = (
				C8FCFA1B2BD7C0B50018BB63 /* TodayTests.swift in Sources */,
			);
			runOnlyForDeploymentPostprocessing = 0;
		};
		C8FCFA1C2BD7C0B50018BB63 /* Sources */ = {
			isa = PBXSourcesBuildPhase;
			buildActionMask = 2147483647;
			files = (
				C8FCFA272BD7C0B50018BB63 /* TodayUITestsLaunchTests.swift in Sources */,
				C8FCFA252BD7C0B50018BB63 /* TodayUITests.swift in Sources */,
			);
			runOnlyForDeploymentPostprocessing = 0;
		};
/* End PBXSourcesBuildPhase section */

/* Begin PBXTargetDependency section */
		C8FCFA182BD7C0B50018BB63 /* PBXTargetDependency */ = {
			isa = PBXTargetDependency;
			target = C8FCF9FF2BD7C0B30018BB63 /* Today */;
			targetProxy = C8FCFA172BD7C0B50018BB63 /* PBXContainerItemProxy */;
		};
		C8FCFA222BD7C0B50018BB63 /* PBXTargetDependency */ = {
			isa = PBXTargetDependency;
			target = C8FCF9FF2BD7C0B30018BB63 /* Today */;
			targetProxy = C8FCFA212BD7C0B50018BB63 /* PBXContainerItemProxy */;
		};
/* End PBXTargetDependency section */

/* Begin PBXVariantGroup section */
		C8FCFA0E2BD7C0B40018BB63 /* LaunchScreen.storyboard */ = {
			isa = PBXVariantGroup;
			children = (
				C8FCFA0F2BD7C0B40018BB63 /* Base */,
			);
			name = LaunchScreen.storyboard;
			sourceTree = "<group>";
		};
/* End PBXVariantGroup section */

/* Begin XCBuildConfiguration section */
		C8FCFA282BD7C0B50018BB63 /* Debug */ = {
			isa = XCBuildConfiguration;
			buildSettings = {
				ALWAYS_SEARCH_USER_PATHS = NO;
				ASSETCATALOG_COMPILER_GENERATE_SWIFT_ASSET_SYMBOL_EXTENSIONS = YES;
				CLANG_ANALYZER_NONNULL = YES;
				CLANG_ANALYZER_NUMBER_OBJECT_CONVERSION = YES_AGGRESSIVE;
				CLANG_CXX_LANGUAGE_STANDARD = "gnu++20";
				CLANG_ENABLE_MODULES = YES;
				CLANG_ENABLE_OBJC_ARC = YES;
				CLANG_ENABLE_OBJC_WEAK = YES;
				CLANG_WARN_BLOCK_CAPTURE_AUTORELEASING = YES;
				CLANG_WARN_BOOL_CONVERSION = YES;
				CLANG_WARN_COMMA = YES;
				CLANG_WARN_CONSTANT_CONVERSION = YES;
				CLANG_WARN_DEPRECATED_OBJC_IMPLEMENTATIONS = YES;
				CLANG_WARN_DIRECT_OBJC_ISA_USAGE = YES_ERROR;
				CLANG_WARN_DOCUMENTATION_COMMENTS = YES;
				CLANG_WARN_EMPTY_BODY = YES;
				CLANG_WARN_ENUM_CONVERSION = YES;
				CLANG_WARN_INFINITE_RECURSION = YES;
				CLANG_WARN_INT_CONVERSION = YES;
				CLANG_WARN_NON_LITERAL_NULL_CONVERSION = YES;
				CLANG_WARN_OBJC_IMPLICIT_RETAIN_SELF = YES;
				CLANG_WARN_OBJC_LITERAL_CONVERSION = YES;
				CLANG_WARN_OBJC_ROOT_CLASS = YES_ERROR;
				CLANG_WARN_QUOTED_INCLUDE_IN_FRAMEWORK_HEADER = YES;
				CLANG_WARN_RANGE_LOOP_ANALYSIS = YES;
				CLANG_WARN_STRICT_PROTOTYPES = YES;
				CLANG_WARN_SUSPICIOUS_MOVE = YES;
				CLANG_WARN_UNGUARDED_AVAILABILITY = YES_AGGRESSIVE;
				CLANG_WARN_UNREACHABLE_CODE = YES;
				CLANG_WARN__DUPLICATE_METHOD_MATCH = YES;
				COPY_PHASE_STRIP = NO;
				DEBUG_INFORMATION_FORMAT = dwarf;
				ENABLE_STRICT_OBJC_MSGSEND = YES;
				ENABLE_TESTABILITY = YES;
				ENABLE_USER_SCRIPT_SANDBOXING = YES;
				GCC_C_LANGUAGE_STANDARD = gnu17;
				GCC_DYNAMIC_NO_PIC = NO;
				GCC_NO_COMMON_BLOCKS = YES;
				GCC_OPTIMIZATION_LEVEL = 0;
				GCC_PREPROCESSOR_DEFINITIONS = (
					"DEBUG=1",
					"$(inherited)",
				);
				GCC_WARN_64_TO_32_BIT_CONVERSION = YES;
				GCC_WARN_ABOUT_RETURN_TYPE = YES_ERROR;
				GCC_WARN_UNDECLARED_SELECTOR = YES;
				GCC_WARN_UNINITIALIZED_AUTOS = YES_AGGRESSIVE;
				GCC_WARN_UNUSED_FUNCTION = YES;
				GCC_WARN_UNUSED_VARIABLE = YES;
				IPHONEOS_DEPLOYMENT_TARGET = 17.4;
				LOCALIZATION_PREFERS_STRING_CATALOGS = YES;
				MTL_ENABLE_DEBUG_INFO = INCLUDE_SOURCE;
				MTL_FAST_MATH = YES;
				ONLY_ACTIVE_ARCH = YES;
				SDKROOT = iphoneos;
				SWIFT_ACTIVE_COMPILATION_CONDITIONS = "DEBUG $(inherited)";
				SWIFT_OPTIMIZATION_LEVEL = "-Onone";
			};
			name = Debug;
		};
		C8FCFA292BD7C0B50018BB63 /* Release */ = {
			isa = XCBuildConfiguration;
			buildSettings = {
				ALWAYS_SEARCH_USER_PATHS = NO;
				ASSETCATALOG_COMPILER_GENERATE_SWIFT_ASSET_SYMBOL_EXTENSIONS = YES;
				CLANG_ANALYZER_NONNULL = YES;
				CLANG_ANALYZER_NUMBER_OBJECT_CONVERSION = YES_AGGRESSIVE;
				CLANG_CXX_LANGUAGE_STANDARD = "gnu++20";
				CLANG_ENABLE_MODULES = YES;
				CLANG_ENABLE_OBJC_ARC = YES;
				CLANG_ENABLE_OBJC_WEAK = YES;
				CLANG_WARN_BLOCK_CAPTURE_AUTORELEASING = YES;
				CLANG_WARN_BOOL_CONVERSION = YES;
				CLANG_WARN_COMMA = YES;
				CLANG_WARN_CONSTANT_CONVERSION = YES;
				CLANG_WARN_DEPRECATED_OBJC_IMPLEMENTATIONS = YES;
				CLANG_WARN_DIRECT_OBJC_ISA_USAGE = YES_ERROR;
				CLANG_WARN_DOCUMENTATION_COMMENTS = YES;
				CLANG_WARN_EMPTY_BODY = YES;
				CLANG_WARN_ENUM_CONVERSION = YES;
				CLANG_WARN_INFINITE_RECURSION = YES;
				CLANG_WARN_INT_CONVERSION = YES;
				CLANG_WARN_NON_LITERAL_NULL_CONVERSION = YES;
				CLANG_WARN_OBJC_IMPLICIT_RETAIN_SELF = YES;
				CLANG_WARN_OBJC_LITERAL_CONVERSION = YES;
				CLANG_WARN_OBJC_ROOT_CLASS = YES_ERROR;
				CLANG_WARN_QUOTED_INCLUDE_IN_FRAMEWORK_HEADER = YES;
				CLANG_WARN_RANGE_LOOP_ANALYSIS = YES;
				CLANG_WARN_STRICT_PROTOTYPES = YES;
				CLANG_WARN_SUSPICIOUS_MOVE = YES;
				CLANG_WARN_UNGUARDED_AVAILABILITY = YES_AGGRESSIVE;
				CLANG_WARN_UNREACHABLE_CODE = YES;
				CLANG_WARN__DUPLICATE_METHOD_MATCH = YES;
				COPY_PHASE_STRIP = NO;
				DEBUG_INFORMATION_FORMAT = "dwarf-with-dsym";
				ENABLE_NS_ASSERTIONS = NO;
				ENABLE_STRICT_OBJC_MSGSEND = YES;
				ENABLE_USER_SCRIPT_SANDBOXING = YES;
				GCC_C_LANGUAGE_STANDARD = gnu17;
				GCC_NO_COMMON_BLOCKS = YES;
				GCC_WARN_64_TO_32_BIT_CONVERSION = YES;
				GCC_WARN_ABOUT_RETURN_TYPE = YES_ERROR;
				GCC_WARN_UNDECLARED_SELECTOR = YES;
				GCC_WARN_UNINITIALIZED_AUTOS = YES_AGGRESSIVE;
				GCC_WARN_UNUSED_FUNCTION = YES;
				GCC_WARN_UNUSED_VARIABLE = YES;
				IPHONEOS_DEPLOYMENT_TARGET = 17.4;
				LOCALIZATION_PREFERS_STRING_CATALOGS = YES;
				MTL_ENABLE_DEBUG_INFO = NO;
				MTL_FAST_MATH = YES;
				SDKROOT = iphoneos;
				SWIFT_COMPILATION_MODE = wholemodule;
				VALIDATE_PRODUCT = YES;
			};
			name = Release;
		};
		C8FCFA2B2BD7C0B50018BB63 /* Debug */ = {
			isa = XCBuildConfiguration;
			buildSettings = {
				ASSETCATALOG_COMPILER_APPICON_NAME = AppIcon;
				ASSETCATALOG_COMPILER_GLOBAL_ACCENT_COLOR_NAME = AccentColor;
				CODE_SIGN_STYLE = Automatic;
				CURRENT_PROJECT_VERSION = 1;
				DEVELOPMENT_TEAM = V36RW5TG62;
				GENERATE_INFOPLIST_FILE = YES;
				INFOPLIST_FILE = "Today/Support File/Info.plist";
				INFOPLIST_KEY_NSRemindersUsageDescription = "Your reminders can help you stay on track";
				INFOPLIST_KEY_UIApplicationSupportsIndirectInputEvents = YES;
				INFOPLIST_KEY_UILaunchStoryboardName = LaunchScreen;
				INFOPLIST_KEY_UISupportedInterfaceOrientations_iPad = "UIInterfaceOrientationPortrait UIInterfaceOrientationPortraitUpsideDown UIInterfaceOrientationLandscapeLeft UIInterfaceOrientationLandscapeRight";
				INFOPLIST_KEY_UISupportedInterfaceOrientations_iPhone = "UIInterfaceOrientationPortrait UIInterfaceOrientationLandscapeLeft UIInterfaceOrientationLandscapeRight";
				IPHONEOS_DEPLOYMENT_TARGET = 17.4;
				LD_RUNPATH_SEARCH_PATHS = (
					"$(inherited)",
					"@executable_path/Frameworks",
				);
				MARKETING_VERSION = 1.0;
				PRODUCT_BUNDLE_IDENTIFIER = programmatically.Today;
				PRODUCT_NAME = "$(TARGET_NAME)";
				SWIFT_EMIT_LOC_STRINGS = YES;
				SWIFT_VERSION = 5.0;
				TARGETED_DEVICE_FAMILY = "1,2";
			};
			name = Debug;
		};
		C8FCFA2C2BD7C0B50018BB63 /* Release */ = {
			isa = XCBuildConfiguration;
			buildSettings = {
				ASSETCATALOG_COMPILER_APPICON_NAME = AppIcon;
				ASSETCATALOG_COMPILER_GLOBAL_ACCENT_COLOR_NAME = AccentColor;
				CODE_SIGN_STYLE = Automatic;
				CURRENT_PROJECT_VERSION = 1;
				DEVELOPMENT_TEAM = V36RW5TG62;
				GENERATE_INFOPLIST_FILE = YES;
				INFOPLIST_FILE = "Today/Support File/Info.plist";
				INFOPLIST_KEY_NSRemindersUsageDescription = "Your reminders can help you stay on track";
				INFOPLIST_KEY_UIApplicationSupportsIndirectInputEvents = YES;
				INFOPLIST_KEY_UILaunchStoryboardName = LaunchScreen;
				INFOPLIST_KEY_UISupportedInterfaceOrientations_iPad = "UIInterfaceOrientationPortrait UIInterfaceOrientationPortraitUpsideDown UIInterfaceOrientationLandscapeLeft UIInterfaceOrientationLandscapeRight";
				INFOPLIST_KEY_UISupportedInterfaceOrientations_iPhone = "UIInterfaceOrientationPortrait UIInterfaceOrientationLandscapeLeft UIInterfaceOrientationLandscapeRight";
				IPHONEOS_DEPLOYMENT_TARGET = 17.4;
				LD_RUNPATH_SEARCH_PATHS = (
					"$(inherited)",
					"@executable_path/Frameworks",
				);
				MARKETING_VERSION = 1.0;
				PRODUCT_BUNDLE_IDENTIFIER = programmatically.Today;
				PRODUCT_NAME = "$(TARGET_NAME)";
				SWIFT_EMIT_LOC_STRINGS = YES;
				SWIFT_VERSION = 5.0;
				TARGETED_DEVICE_FAMILY = "1,2";
			};
			name = Release;
		};
		C8FCFA2E2BD7C0B50018BB63 /* Debug */ = {
			isa = XCBuildConfiguration;
			buildSettings = {
				ALWAYS_EMBED_SWIFT_STANDARD_LIBRARIES = YES;
				BUNDLE_LOADER = "$(TEST_HOST)";
				CODE_SIGN_STYLE = Automatic;
				CURRENT_PROJECT_VERSION = 1;
				DEVELOPMENT_TEAM = V36RW5TG62;
				GENERATE_INFOPLIST_FILE = YES;
				IPHONEOS_DEPLOYMENT_TARGET = 17.4;
				MARKETING_VERSION = 1.0;
				PRODUCT_BUNDLE_IDENTIFIER = programmatically.TodayTests;
				PRODUCT_NAME = "$(TARGET_NAME)";
				SWIFT_EMIT_LOC_STRINGS = NO;
				SWIFT_VERSION = 5.0;
				TARGETED_DEVICE_FAMILY = "1,2";
				TEST_HOST = "$(BUILT_PRODUCTS_DIR)/Today.app/$(BUNDLE_EXECUTABLE_FOLDER_PATH)/Today";
			};
			name = Debug;
		};
		C8FCFA2F2BD7C0B50018BB63 /* Release */ = {
			isa = XCBuildConfiguration;
			buildSettings = {
				ALWAYS_EMBED_SWIFT_STANDARD_LIBRARIES = YES;
				BUNDLE_LOADER = "$(TEST_HOST)";
				CODE_SIGN_STYLE = Automatic;
				CURRENT_PROJECT_VERSION = 1;
				DEVELOPMENT_TEAM = V36RW5TG62;
				GENERATE_INFOPLIST_FILE = YES;
				IPHONEOS_DEPLOYMENT_TARGET = 17.4;
				MARKETING_VERSION = 1.0;
				PRODUCT_BUNDLE_IDENTIFIER = programmatically.TodayTests;
				PRODUCT_NAME = "$(TARGET_NAME)";
				SWIFT_EMIT_LOC_STRINGS = NO;
				SWIFT_VERSION = 5.0;
				TARGETED_DEVICE_FAMILY = "1,2";
				TEST_HOST = "$(BUILT_PRODUCTS_DIR)/Today.app/$(BUNDLE_EXECUTABLE_FOLDER_PATH)/Today";
			};
			name = Release;
		};
		C8FCFA312BD7C0B50018BB63 /* Debug */ = {
			isa = XCBuildConfiguration;
			buildSettings = {
				ALWAYS_EMBED_SWIFT_STANDARD_LIBRARIES = YES;
				CODE_SIGN_STYLE = Automatic;
				CURRENT_PROJECT_VERSION = 1;
				DEVELOPMENT_TEAM = V36RW5TG62;
				GENERATE_INFOPLIST_FILE = YES;
				MARKETING_VERSION = 1.0;
				PRODUCT_BUNDLE_IDENTIFIER = programmatically.TodayUITests;
				PRODUCT_NAME = "$(TARGET_NAME)";
				SWIFT_EMIT_LOC_STRINGS = NO;
				SWIFT_VERSION = 5.0;
				TARGETED_DEVICE_FAMILY = "1,2";
				TEST_TARGET_NAME = Today;
			};
			name = Debug;
		};
		C8FCFA322BD7C0B50018BB63 /* Release */ = {
			isa = XCBuildConfiguration;
			buildSettings = {
				ALWAYS_EMBED_SWIFT_STANDARD_LIBRARIES = YES;
				CODE_SIGN_STYLE = Automatic;
				CURRENT_PROJECT_VERSION = 1;
				DEVELOPMENT_TEAM = V36RW5TG62;
				GENERATE_INFOPLIST_FILE = YES;
				MARKETING_VERSION = 1.0;
				PRODUCT_BUNDLE_IDENTIFIER = programmatically.TodayUITests;
				PRODUCT_NAME = "$(TARGET_NAME)";
				SWIFT_EMIT_LOC_STRINGS = NO;
				SWIFT_VERSION = 5.0;
				TARGETED_DEVICE_FAMILY = "1,2";
				TEST_TARGET_NAME = Today;
			};
			name = Release;
		};
/* End XCBuildConfiguration section */

/* Begin XCConfigurationList section */
		C8FCF9FB2BD7C0B30018BB63 /* Build configuration list for PBXProject "Today" */ = {
			isa = XCConfigurationList;
			buildConfigurations = (
				C8FCFA282BD7C0B50018BB63 /* Debug */,
				C8FCFA292BD7C0B50018BB63 /* Release */,
			);
			defaultConfigurationIsVisible = 0;
			defaultConfigurationName = Release;
		};
		C8FCFA2A2BD7C0B50018BB63 /* Build configuration list for PBXNativeTarget "Today" */ = {
			isa = XCConfigurationList;
			buildConfigurations = (
				C8FCFA2B2BD7C0B50018BB63 /* Debug */,
				C8FCFA2C2BD7C0B50018BB63 /* Release */,
			);
			defaultConfigurationIsVisible = 0;
			defaultConfigurationName = Release;
		};
		C8FCFA2D2BD7C0B50018BB63 /* Build configuration list for PBXNativeTarget "TodayTests" */ = {
			isa = XCConfigurationList;
			buildConfigurations = (
				C8FCFA2E2BD7C0B50018BB63 /* Debug */,
				C8FCFA2F2BD7C0B50018BB63 /* Release */,
			);
			defaultConfigurationIsVisible = 0;
			defaultConfigurationName = Release;
		};
		C8FCFA302BD7C0B50018BB63 /* Build configuration list for PBXNativeTarget "TodayUITests" */ = {
			isa = XCConfigurationList;
			buildConfigurations = (
				C8FCFA312BD7C0B50018BB63 /* Debug */,
				C8FCFA322BD7C0B50018BB63 /* Release */,
			);
			defaultConfigurationIsVisible = 0;
			defaultConfigurationName = Release;
		};
/* End XCConfigurationList section */
	};
	rootObject = C8FCF9F82BD7C0B30018BB63 /* Project object */;
}
